
Microsoft Visual Studio Solution File, Format Version 12.00
# Visual Studio Version 17
VisualStudioVersion = 17.3.32825.248
MinimumVisualStudioVersion = 10.0.40219.1
Project("{9A19103F-16F7-4668-BE54-9A1E7A4F7556}") = "Domain", "Domain\Domain.csproj", "{28431BE9-E3D9-4BEA-8877-4B5436B6DFE4}"
EndProject
Project("{9A19103F-16F7-4668-BE54-9A1E7A4F7556}") = "Library", "Library\Library.csproj", "{4C5CE50E-6D4E-46DF-8F07-A8DAB438E83C}"
EndProject
Project("{9A19103F-16F7-4668-BE54-9A1E7A4F7556}") = "UnitTesting", "UnitTesting\UnitTesting.csproj", "{5AD8E45E-D4A6-4FE0-A5C1-007CC5CD80FC}"
EndProject
Project("{9A19103F-16F7-4668-BE54-9A1E7A4F7556}") = "Presentation", "PP_UTN\Presentation.csproj", "{2A9ADA20-4346-443B-B134-E811B38A6E76}"
EndProject
Project("{9A19103F-16F7-4668-BE54-9A1E7A4F7556}") = "Model", "Model\Model.csproj", "{1FEAB406-76C0-4D4B-9CEA-6BCD9FF2D9E3}"
EndProject
Global
	GlobalSection(SolutionConfigurationPlatforms) = preSolution
		Debug|Any CPU = Debug|Any CPU
		Release|Any CPU = Release|Any CPU
	EndGlobalSection
	GlobalSection(ProjectConfigurationPlatforms) = postSolution
		{28431BE9-E3D9-4BEA-8877-4B5436B6DFE4}.Debug|Any CPU.ActiveCfg = Debug|Any CPU
		{28431BE9-E3D9-4BEA-8877-4B5436B6DFE4}.Debug|Any CPU.Build.0 = Debug|Any CPU
		{28431BE9-E3D9-4BEA-8877-4B5436B6DFE4}.Release|Any CPU.ActiveCfg = Release|Any CPU
		{28431BE9-E3D9-4BEA-8877-4B5436B6DFE4}.Release|Any CPU.Build.0 = Release|Any CPU
		{4C5CE50E-6D4E-46DF-8F07-A8DAB438E83C}.Debug|Any CPU.ActiveCfg = Debug|Any CPU
		{4C5CE50E-6D4E-46DF-8F07-A8DAB438E83C}.Debug|Any CPU.Build.0 = Debug|Any CPU
		{4C5CE50E-6D4E-46DF-8F07-A8DAB438E83C}.Release|Any CPU.ActiveCfg = Release|Any CPU
		{4C5CE50E-6D4E-46DF-8F07-A8DAB438E83C}.Release|Any CPU.Build.0 = Release|Any CPU
		{5AD8E45E-D4A6-4FE0-A5C1-007CC5CD80FC}.Debug|Any CPU.ActiveCfg = Debug|Any CPU
		{5AD8E45E-D4A6-4FE0-A5C1-007CC5CD80FC}.Debug|Any CPU.Build.0 = Debug|Any CPU
		{5AD8E45E-D4A6-4FE0-A5C1-007CC5CD80FC}.Release|Any CPU.ActiveCfg = Release|Any CPU
		{5AD8E45E-D4A6-4FE0-A5C1-007CC5CD80FC}.Release|Any CPU.Build.0 = Release|Any CPU
		{2A9ADA20-4346-443B-B134-E811B38A6E76}.Debug|Any CPU.ActiveCfg = Debug|Any CPU
		{2A9ADA20-4346-443B-B134-E811B38A6E76}.Debug|Any CPU.Build.0 = Debug|Any CPU
		{2A9ADA20-4346-443B-B134-E811B38A6E76}.Release|Any CPU.ActiveCfg = Release|Any CPU
		{2A9ADA20-4346-443B-B134-E811B38A6E76}.Release|Any CPU.Build.0 = Release|Any CPU
		{1FEAB406-76C0-4D4B-9CEA-6BCD9FF2D9E3}.Debug|Any CPU.ActiveCfg = Debug|Any CPU
		{1FEAB406-76C0-4D4B-9CEA-6BCD9FF2D9E3}.Debug|Any CPU.Build.0 = Debug|Any CPU
		{1FEAB406-76C0-4D4B-9CEA-6BCD9FF2D9E3}.Release|Any CPU.ActiveCfg = Release|Any CPU
		{1FEAB406-76C0-4D4B-9CEA-6BCD9FF2D9E3}.Release|Any CPU.Build.0 = Release|Any CPU
	EndGlobalSection
	GlobalSection(SolutionProperties) = preSolution
		HideSolutionNode = FALSE
	EndGlobalSection
	GlobalSection(ExtensibilityGlobals) = postSolution
		SolutionGuid = {C1B1D5A6-B7E0-4BFC-865F-69AB3CABC306}
	EndGlobalSection
EndGlobal
